
Microsoft Visual Studio Solution File, Format Version 12.00
# Visual Studio Version 17
VisualStudioVersion = 17.8.34525.116
MinimumVisualStudioVersion = 10.0.40219.1
Project("{9A19103F-16F7-4668-BE54-9A1E7A4F7556}") = "SchoolProSite.DAL", "SchoolProSite.DAL\SchoolProSite.DAL.csproj", "{2E6560F6-5E02-4C18-8947-DE27582F5989}"
EndProject
Project("{9A19103F-16F7-4668-BE54-9A1E7A4F7556}") = "SchoolProSite.Web", "SchoolProSite.Web\SchoolProSite.Web.csproj", "{550CF23D-4FB2-4844-B517-AF78DEDCE4D7}"
EndProject
Global
	GlobalSection(SolutionConfigurationPlatforms) = preSolution
		Debug|Any CPU = Debug|Any CPU
		Release|Any CPU = Release|Any CPU
	EndGlobalSection
	GlobalSection(ProjectConfigurationPlatforms) = postSolution
		{2E6560F6-5E02-4C18-8947-DE27582F5989}.Debug|Any CPU.ActiveCfg = Debug|Any CPU
		{2E6560F6-5E02-4C18-8947-DE27582F5989}.Debug|Any CPU.Build.0 = Debug|Any CPU
		{2E6560F6-5E02-4C18-8947-DE27582F5989}.Release|Any CPU.ActiveCfg = Release|Any CPU
		{2E6560F6-5E02-4C18-8947-DE27582F5989}.Release|Any CPU.Build.0 = Release|Any CPU
		{550CF23D-4FB2-4844-B517-AF78DEDCE4D7}.Debug|Any CPU.ActiveCfg = Debug|Any CPU
		{550CF23D-4FB2-4844-B517-AF78DEDCE4D7}.Debug|Any CPU.Build.0 = Debug|Any CPU
		{550CF23D-4FB2-4844-B517-AF78DEDCE4D7}.Release|Any CPU.ActiveCfg = Release|Any CPU
		{550CF23D-4FB2-4844-B517-AF78DEDCE4D7}.Release|Any CPU.Build.0 = Release|Any CPU
	EndGlobalSection
	GlobalSection(SolutionProperties) = preSolution
		HideSolutionNode = FALSE
	EndGlobalSection
	GlobalSection(ExtensibilityGlobals) = postSolution
		SolutionGuid = {7F3E9114-9520-4065-B4EE-E33A3E5CA3CC}
	EndGlobalSection
EndGlobal
